PODS:
  - amap_location (0.0.1):
    - AMapLocation
    - Flutter
  - AMapFoundation (1.5.4)
  - AMapLocation (2.6.1):
    - AMapFoundation (~> 1.4)
  - Flutter (1.0.0)

DEPENDENCIES:
  - amap_location (from `.symlinks/plugins/amap_location/ios`)
  - Flutter (from `.symlinks/flutter/ios`)

SPEC REPOS:
  https://github.com/cocoapods/specs.git:
    - AMapFoundation
    - AMapLocation

EXTERNAL SOURCES:
  amap_location:
    :path: ".symlinks/plugins/amap_location/ios"
  Flutter:
    :path: ".symlinks/flutter/ios"

SPEC CHECKSUMS:
  amap_location: 9e08bb8d18766285ad82b22b639ff6fe0e79891f
  AMapFoundation: bff8688722e886feda4edd77f1443746ddd7e2e2
  AMapLocation: cf024b53dc03663efb4ea4bcce27d4cce58bb97a
  Flutter: 9d0fac939486c9aba2809b7982dfdbb47a7b0296

PODFILE CHECKSUM: 1e5af4103afd21ca5ead147d7b81d06f494f51a2

COCOAPODS: 1.5.3
